
Microsoft Visual Studio Solution File, Format Version 11.00
# Visual Studio 2010
Project("{FAE04EC0-301F-11D3-BF4B-00C04F79EFBC}") = "Assembly-CSharp", "Assembly-CSharp.csproj", "{EE6AD3DA-4AC5-B7B0-BFEE-55ED6E0EC361}"
EndProject
Project("{FAE04EC0-301F-11D3-BF4B-00C04F79EFBC}") = "Assembly-CSharp-Editor", "Assembly-CSharp-Editor.csproj", "{34199F0B-652D-3D3B-EC34-EC1D1D378285}"
EndProject
Global
	GlobalSection(SolutionConfigurationPlatforms) = preSolution
		Debug|Any CPU = Debug|Any CPU
		Release|Any CPU = Release|Any CPU
	EndGlobalSection
	GlobalSection(ProjectConfigurationPlatforms) = postSolution
		{EE6AD3DA-4AC5-B7B0-BFEE-55ED6E0EC361}.Debug|Any CPU.ActiveCfg = Debug|Any CPU
		{EE6AD3DA-4AC5-B7B0-BFEE-55ED6E0EC361}.Debug|Any CPU.Build.0 = Debug|Any CPU
		{EE6AD3DA-4AC5-B7B0-BFEE-55ED6E0EC361}.Release|Any CPU.ActiveCfg = Release|Any CPU
		{EE6AD3DA-4AC5-B7B0-BFEE-55ED6E0EC361}.Release|Any CPU.Build.0 = Release|Any CPU
		{34199F0B-652D-3D3B-EC34-EC1D1D378285}.Debug|Any CPU.ActiveCfg = Debug|Any CPU
		{34199F0B-652D-3D3B-EC34-EC1D1D378285}.Debug|Any CPU.Build.0 = Debug|Any CPU
		{34199F0B-652D-3D3B-EC34-EC1D1D378285}.Release|Any CPU.ActiveCfg = Release|Any CPU
		{34199F0B-652D-3D3B-EC34-EC1D1D378285}.Release|Any CPU.Build.0 = Release|Any CPU
	EndGlobalSection
	GlobalSection(SolutionProperties) = preSolution
		HideSolutionNode = FALSE
	EndGlobalSection
	GlobalSection(MonoDevelopProperties) = preSolution
		StartupItem = Assembly-CSharp.csproj
	EndGlobalSection
EndGlobal
