
Microsoft Visual Studio Solution File, Format Version 12.00
# Visual Studio 15
Project("{FAE04EC0-301F-11D3-BF4B-00C04F79EFBC}") = "Assembly-CSharp", "Assembly-CSharp.csproj", "{A1FC4813-DED2-D2E7-E26B-D46E9F7BF275}"
EndProject
Project("{FAE04EC0-301F-11D3-BF4B-00C04F79EFBC}") = "Assembly-CSharp-Editor", "Assembly-CSharp-Editor.csproj", "{5570D0F5-5A1C-CD54-5310-5370AC1486CA}"
EndProject
Global
	GlobalSection(SolutionConfigurationPlatforms) = preSolution
		Debug|Any CPU = Debug|Any CPU
		Release|Any CPU = Release|Any CPU
	EndGlobalSection
	GlobalSection(ProjectConfigurationPlatforms) = postSolution
		{A1FC4813-DED2-D2E7-E26B-D46E9F7BF275}.Debug|Any CPU.ActiveCfg = Debug|Any CPU
		{A1FC4813-DED2-D2E7-E26B-D46E9F7BF275}.Debug|Any CPU.Build.0 = Debug|Any CPU
		{A1FC4813-DED2-D2E7-E26B-D46E9F7BF275}.Release|Any CPU.ActiveCfg = Release|Any CPU
		{A1FC4813-DED2-D2E7-E26B-D46E9F7BF275}.Release|Any CPU.Build.0 = Release|Any CPU
		{5570D0F5-5A1C-CD54-5310-5370AC1486CA}.Debug|Any CPU.ActiveCfg = Debug|Any CPU
		{5570D0F5-5A1C-CD54-5310-5370AC1486CA}.Debug|Any CPU.Build.0 = Debug|Any CPU
		{5570D0F5-5A1C-CD54-5310-5370AC1486CA}.Release|Any CPU.ActiveCfg = Release|Any CPU
		{5570D0F5-5A1C-CD54-5310-5370AC1486CA}.Release|Any CPU.Build.0 = Release|Any CPU
	EndGlobalSection
	GlobalSection(SolutionProperties) = preSolution
		HideSolutionNode = FALSE
	EndGlobalSection
EndGlobal
